
Microsoft Visual Studio Solution File, Format Version 12.00
# Visual Studio Version 17
VisualStudioVersion = 17.9.34728.123
MinimumVisualStudioVersion = 10.0.40219.1
Project("{9A19103F-16F7-4668-BE54-9A1E7A4F7556}") = "Katchly_Web", "webapi\Katchly_Web.csproj", "{9045D1FF-8FB0-40D6-9E10-7D99ABECA46E}"
EndProject
Project("{9A19103F-16F7-4668-BE54-9A1E7A4F7556}") = "Katchly_Cli", "cli\Katchly_Cli.csproj", "{D5B299B8-DC4A-426F-8C6A-D761696A7452}"
EndProject
Project("{9A19103F-16F7-4668-BE54-9A1E7A4F7556}") = "Katchly", "core\Katchly.csproj", "{49AFCB02-518F-44B1-AA6B-418F9B8F7E75}"
EndProject
Global
	GlobalSection(SolutionConfigurationPlatforms) = preSolution
		Debug|Any CPU = Debug|Any CPU
		Release|Any CPU = Release|Any CPU
	EndGlobalSection
	GlobalSection(ProjectConfigurationPlatforms) = postSolution
		{9045D1FF-8FB0-40D6-9E10-7D99ABECA46E}.Debug|Any CPU.ActiveCfg = Debug|Any CPU
		{9045D1FF-8FB0-40D6-9E10-7D99ABECA46E}.Debug|Any CPU.Build.0 = Debug|Any CPU
		{9045D1FF-8FB0-40D6-9E10-7D99ABECA46E}.Release|Any CPU.ActiveCfg = Release|Any CPU
		{9045D1FF-8FB0-40D6-9E10-7D99ABECA46E}.Release|Any CPU.Build.0 = Release|Any CPU
		{D5B299B8-DC4A-426F-8C6A-D761696A7452}.Debug|Any CPU.ActiveCfg = Debug|Any CPU
		{D5B299B8-DC4A-426F-8C6A-D761696A7452}.Debug|Any CPU.Build.0 = Debug|Any CPU
		{D5B299B8-DC4A-426F-8C6A-D761696A7452}.Release|Any CPU.ActiveCfg = Release|Any CPU
		{D5B299B8-DC4A-426F-8C6A-D761696A7452}.Release|Any CPU.Build.0 = Release|Any CPU
		{49AFCB02-518F-44B1-AA6B-418F9B8F7E75}.Debug|Any CPU.ActiveCfg = Debug|Any CPU
		{49AFCB02-518F-44B1-AA6B-418F9B8F7E75}.Debug|Any CPU.Build.0 = Debug|Any CPU
		{49AFCB02-518F-44B1-AA6B-418F9B8F7E75}.Release|Any CPU.ActiveCfg = Release|Any CPU
		{49AFCB02-518F-44B1-AA6B-418F9B8F7E75}.Release|Any CPU.Build.0 = Release|Any CPU
	EndGlobalSection
	GlobalSection(SolutionProperties) = preSolution
		HideSolutionNode = FALSE
	EndGlobalSection
	GlobalSection(ExtensibilityGlobals) = postSolution
		SolutionGuid = {39517262-27F7-4435-A400-68EF4F986242}
	EndGlobalSection
EndGlobal
